# This file is @generated by PDM.
# It is not intended for manual editing.

[metadata]
groups = ["default"]
strategy = ["cross_platform", "inherit_metadata"]
lock_version = "4.4.1"
content_hash = "sha256:0b439d47185e01d27fad9a50cb3ee0a075aec6164436850ef21d33f09bc9639a"

[[package]]
name = "udocker"
version = "1.3.12"
summary = "A basic user tool to execute simple docker         containers in batch or interactive systems without root privileges"
groups = ["default"]
files = [
    {file = "udocker-1.3.12-py2.py3-none-any.whl", hash = "sha256:375fd41aacb60637434e69b59655394be0e40e5a70eb90139dc6cb231729092f"},
    {file = "udocker-1.3.12.tar.gz", hash = "sha256:d0d3dc8f487143a6593d5dfceb54b9e4a1a6742de4f33b64cbd826cb466ffdc5"},
]
